// !$*UTF8*$!
{
	archiveVersion = 1;
	classes = {
	};
	objectVersion = 52;
	objects = {

/* Begin PBXBuildFile section */
		0E052DAA28739CA500B387F0 /* Error.swift in Sources */ = {isa = PBXBuildFile; fileRef = 0E052DA928739CA500B387F0 /* Error.swift */; };
		0E052DAC2873C4E100B387F0 /* CGRect+Extension.swift in Sources */ = {isa = PBXBuildFile; fileRef = 0E052DAB2873C4E100B387F0 /* CGRect+Extension.swift */; };
		0E052DAE2873C5B500B387F0 /* CGSize+Extension.swift in Sources */ = {isa = PBXBuildFile; fileRef = 0E052DAD2873C5B500B387F0 /* CGSize+Extension.swift */; };
		0E052DB02873C83E00B387F0 /* UIWindowScene+Extension.swift in Sources */ = {isa = PBXBuildFile; fileRef = 0E052DAF2873C83E00B387F0 /* UIWindowScene+Extension.swift */; };
		0E052DB22873CF0600B387F0 /* SwiftUI.View+Extension.swift in Sources */ = {isa = PBXBuildFile; fileRef = 0E052DB12873CF0600B387F0 /* SwiftUI.View+Extension.swift */; };
		0E22AA0E2894DF460019CE8E /* FirebaseAnalytics in Frameworks */ = {isa = PBXBuildFile; productRef = 0E22AA0D2894DF460019CE8E /* FirebaseAnalytics */; };
		0E22AA102894DF460019CE8E /* FirebaseAnalyticsSwift in Frameworks */ = {isa = PBXBuildFile; productRef = 0E22AA0F2894DF460019CE8E /* FirebaseAnalyticsSwift */; };
		0E22AA122894DF460019CE8E /* FirebaseCrashlytics in Frameworks */ = {isa = PBXBuildFile; productRef = 0E22AA112894DF460019CE8E /* FirebaseCrashlytics */; };
		0E22AA142894DF460019CE8E /* FirebaseMessaging in Frameworks */ = {isa = PBXBuildFile; productRef = 0E22AA132894DF460019CE8E /* FirebaseMessaging */; };
		0E22AA1A2894EB430019CE8E /* GoogleMobileAds in Frameworks */ = {isa = PBXBuildFile; productRef = 0E22AA192894EB430019CE8E /* GoogleMobileAds */; };
		0E22AA1C2894F0B20019CE8E /* AdController.swift in Sources */ = {isa = PBXBuildFile; fileRef = 0E22AA1B2894F0B10019CE8E /* AdController.swift */; };
		0E22AA1E2894F73F0019CE8E /* AdMob-Info.plist in Resources */ = {isa = PBXBuildFile; fileRef = 0E22AA1D2894F73E0019CE8E /* AdMob-Info.plist */; };
		0E22AA2028958D280019CE8E /* UIApplication+Extension.swift in Sources */ = {isa = PBXBuildFile; fileRef = 0E22AA1F28958D270019CE8E /* UIApplication+Extension.swift */; };
		0E22AA2228959D150019CE8E /* GoogleService-Info.plist in Resources */ = {isa = PBXBuildFile; fileRef = 0E22AA2128959D150019CE8E /* GoogleService-Info.plist */; };
		0E22AA24289648990019CE8E /* NormalFlask.swift in Sources */ = {isa = PBXBuildFile; fileRef = 0E22AA23289648990019CE8E /* NormalFlask.swift */; };
		0E22AA26289648AE0019CE8E /* TinyFlask.swift in Sources */ = {isa = PBXBuildFile; fileRef = 0E22AA25289648AE0019CE8E /* TinyFlask.swift */; };
		0E5A0A0A286DFCB10080877B /* ConfettiShape.swift in Sources */ = {isa = PBXBuildFile; fileRef = 0E5A0A09286DFCB10080877B /* ConfettiShape.swift */; };
		0E74EF7728702F56008D3FDA /* Binding+Extension.swift in Sources */ = {isa = PBXBuildFile; fileRef = 0E74EF7628702F56008D3FDA /* Binding+Extension.swift */; };
		0E74EF79287165E1008D3FDA /* SettingsView.swift in Sources */ = {isa = PBXBuildFile; fileRef = 0E74EF78287165E1008D3FDA /* SettingsView.swift */; };
		0E74EF7B287166D7008D3FDA /* SettingsController.swift in Sources */ = {isa = PBXBuildFile; fileRef = 0E74EF7A287166D7008D3FDA /* SettingsController.swift */; };
		0E74EFFB28719082008D3FDA /* TwoWayDictionary.swift in Sources */ = {isa = PBXBuildFile; fileRef = 0E74EFFA28719082008D3FDA /* TwoWayDictionary.swift */; };
		0E843681258B23A700652B48 /* FlaskGameApp.swift in Sources */ = {isa = PBXBuildFile; fileRef = 0E843680258B23A700652B48 /* FlaskGameApp.swift */; };
		0E843683258B23A700652B48 /* GameView.swift in Sources */ = {isa = PBXBuildFile; fileRef = 0E843682258B23A700652B48 /* GameView.swift */; };
		0E843685258B23AB00652B48 /* Assets.xcassets in Resources */ = {isa = PBXBuildFile; fileRef = 0E843684258B23AB00652B48 /* Assets.xcassets */; };
		0E843688258B23AB00652B48 /* Preview Assets.xcassets in Resources */ = {isa = PBXBuildFile; fileRef = 0E843687258B23AB00652B48 /* Preview Assets.xcassets */; };
		0E843691258B244700652B48 /* FlaskView.swift in Sources */ = {isa = PBXBuildFile; fileRef = 0E843690258B244700652B48 /* FlaskView.swift */; };
		0E843694258B2CFA00652B48 /* Flask.swift in Sources */ = {isa = PBXBuildFile; fileRef = 0E843693258B2CFA00652B48 /* Flask.swift */; };
		0E843697258B2E2500652B48 /* FlaskController.swift in Sources */ = {isa = PBXBuildFile; fileRef = 0E843696258B2E2500652B48 /* FlaskController.swift */; };
		0E84369A258BFBC500652B48 /* FlaskShape.swift in Sources */ = {isa = PBXBuildFile; fileRef = 0E843699258BFBC500652B48 /* FlaskShape.swift */; };
		0E8B0886286EA3AC00ADB6B7 /* SwiftUI+animate.swift in Sources */ = {isa = PBXBuildFile; fileRef = 0E8B0885286EA3AC00ADB6B7 /* SwiftUI+animate.swift */; };
		0E8B088A286EA60B00ADB6B7 /* VerticalLabelStyle.swift in Sources */ = {isa = PBXBuildFile; fileRef = 0E8B0889286EA60B00ADB6B7 /* VerticalLabelStyle.swift */; };
		0EA386BD28A85FC900D03E94 /* Difficulty.swift in Sources */ = {isa = PBXBuildFile; fileRef = 0EA386BC28A85FC900D03E94 /* Difficulty.swift */; };
		0EB561B5286EB381009412D8 /* FlaskEffect.swift in Sources */ = {isa = PBXBuildFile; fileRef = 0EB561B4286EB381009412D8 /* FlaskEffect.swift */; };
		0EB561B7286EB5BA009412D8 /* PartRectangle.swift in Sources */ = {isa = PBXBuildFile; fileRef = 0EB561B6286EB5BA009412D8 /* PartRectangle.swift */; };
		0EB561B9286EBB4E009412D8 /* Global.swift in Sources */ = {isa = PBXBuildFile; fileRef = 0EB561B8286EBB4E009412D8 /* Global.swift */; };
		0EB561BB286ECB46009412D8 /* Waves.swift in Sources */ = {isa = PBXBuildFile; fileRef = 0EB561BA286ECB46009412D8 /* Waves.swift */; };
		0ECFC1BA2904D3BA00DBB1E2 /* FlaskContainer.swift in Sources */ = {isa = PBXBuildFile; fileRef = 0ECFC1B92904D3BA00DBB1E2 /* FlaskContainer.swift */; };
		0ED527622874145B00B75714 /* NSObject+Swizzle.swift in Sources */ = {isa = PBXBuildFile; fileRef = 0ED527612874145B00B75714 /* NSObject+Swizzle.swift */; };
		0ED527642874153D00B75714 /* UIViewController+HiddenIndicator.swift in Sources */ = {isa = PBXBuildFile; fileRef = 0ED527632874153D00B75714 /* UIViewController+HiddenIndicator.swift */; };
		0ED527662874222700B75714 /* Hidden.swift in Sources */ = {isa = PBXBuildFile; fileRef = 0ED527652874222700B75714 /* Hidden.swift */; };
		0EF35817286FCC5D002D7F14 /* Color+Extension.swift in Sources */ = {isa = PBXBuildFile; fileRef = 0EF35816286FCC5D002D7F14 /* Color+Extension.swift */; };
		0EF3581B286FF45B002D7F14 /* ConfettiCannon.swift in Sources */ = {isa = PBXBuildFile; fileRef = 0EF3581A286FF45B002D7F14 /* ConfettiCannon.swift */; };
		0EF3581D286FF490002D7F14 /* Confetti.swift in Sources */ = {isa = PBXBuildFile; fileRef = 0EF3581C286FF490002D7F14 /* Confetti.swift */; };
		0EF3581F286FF574002D7F14 /* CGPoint+Extension.swift in Sources */ = {isa = PBXBuildFile; fileRef = 0EF3581E286FF574002D7F14 /* CGPoint+Extension.swift */; };
		0EF3582128700B51002D7F14 /* FallingConfettiModifier.swift in Sources */ = {isa = PBXBuildFile; fileRef = 0EF3582028700B51002D7F14 /* FallingConfettiModifier.swift */; };
		0EF3582428701073002D7F14 /* FlaskColor.swift in Sources */ = {isa = PBXBuildFile; fileRef = 0EF3582328701073002D7F14 /* FlaskColor.swift */; };
/* End PBXBuildFile section */

/* Begin PBXFileReference section */
		0E052DA928739CA500B387F0 /* Error.swift */ = {isa = PBXFileReference; lastKnownFileType = sourcecode.swift; path = Error.swift; sourceTree = "<group>"; };
		0E052DAB2873C4E100B387F0 /* CGRect+Extension.swift */ = {isa = PBXFileReference; lastKnownFileType = sourcecode.swift; path = "CGRect+Extension.swift"; sourceTree = "<group>"; };
		0E052DAD2873C5B500B387F0 /* CGSize+Extension.swift */ = {isa = PBXFileReference; lastKnownFileType = sourcecode.swift; path = "CGSize+Extension.swift"; sourceTree = "<group>"; };
		0E052DAF2873C83E00B387F0 /* UIWindowScene+Extension.swift */ = {isa = PBXFileReference; lastKnownFileType = sourcecode.swift; path = "UIWindowScene+Extension.swift"; sourceTree = "<group>"; };
		0E052DB12873CF0600B387F0 /* SwiftUI.View+Extension.swift */ = {isa = PBXFileReference; lastKnownFileType = sourcecode.swift; path = "SwiftUI.View+Extension.swift"; sourceTree = "<group>"; };
		0E22AA1B2894F0B10019CE8E /* AdController.swift */ = {isa = PBXFileReference; lastKnownFileType = sourcecode.swift; path = AdController.swift; sourceTree = "<group>"; };
		0E22AA1D2894F73E0019CE8E /* AdMob-Info.plist */ = {isa = PBXFileReference; lastKnownFileType = text.plist.xml; path = "AdMob-Info.plist"; sourceTree = "<group>"; };
		0E22AA1F28958D270019CE8E /* UIApplication+Extension.swift */ = {isa = PBXFileReference; lastKnownFileType = sourcecode.swift; path = "UIApplication+Extension.swift"; sourceTree = "<group>"; };
		0E22AA2128959D150019CE8E /* GoogleService-Info.plist */ = {isa = PBXFileReference; fileEncoding = 4; lastKnownFileType = text.plist.xml; path = "GoogleService-Info.plist"; sourceTree = "<group>"; };
		0E22AA23289648990019CE8E /* NormalFlask.swift */ = {isa = PBXFileReference; lastKnownFileType = sourcecode.swift; path = NormalFlask.swift; sourceTree = "<group>"; };
		0E22AA25289648AE0019CE8E /* TinyFlask.swift */ = {isa = PBXFileReference; lastKnownFileType = sourcecode.swift; path = TinyFlask.swift; sourceTree = "<group>"; };
		0E57416C289D810E0043C38B /* ci_pre_xcodebuild.sh */ = {isa = PBXFileReference; lastKnownFileType = text.script.sh; path = ci_pre_xcodebuild.sh; sourceTree = "<group>"; };
		0E5A0A09286DFCB10080877B /* ConfettiShape.swift */ = {isa = PBXFileReference; lastKnownFileType = sourcecode.swift; path = ConfettiShape.swift; sourceTree = "<group>"; };
		0E74EF7628702F56008D3FDA /* Binding+Extension.swift */ = {isa = PBXFileReference; lastKnownFileType = sourcecode.swift; path = "Binding+Extension.swift"; sourceTree = "<group>"; };
		0E74EF78287165E1008D3FDA /* SettingsView.swift */ = {isa = PBXFileReference; lastKnownFileType = sourcecode.swift; path = SettingsView.swift; sourceTree = "<group>"; };
		0E74EF7A287166D7008D3FDA /* SettingsController.swift */ = {isa = PBXFileReference; lastKnownFileType = sourcecode.swift; path = SettingsController.swift; sourceTree = "<group>"; };
		0E74EFFA28719082008D3FDA /* TwoWayDictionary.swift */ = {isa = PBXFileReference; lastKnownFileType = sourcecode.swift; path = TwoWayDictionary.swift; sourceTree = "<group>"; };
		0E84367D258B23A700652B48 /* FlaskGame.app */ = {isa = PBXFileReference; explicitFileType = wrapper.application; includeInIndex = 0; path = FlaskGame.app; sourceTree = BUILT_PRODUCTS_DIR; };
		0E843680258B23A700652B48 /* FlaskGameApp.swift */ = {isa = PBXFileReference; lastKnownFileType = sourcecode.swift; path = FlaskGameApp.swift; sourceTree = "<group>"; };
		0E843682258B23A700652B48 /* GameView.swift */ = {isa = PBXFileReference; lastKnownFileType = sourcecode.swift; path = GameView.swift; sourceTree = "<group>"; };
		0E843684258B23AB00652B48 /* Assets.xcassets */ = {isa = PBXFileReference; lastKnownFileType = folder.assetcatalog; path = Assets.xcassets; sourceTree = "<group>"; };
		0E843687258B23AB00652B48 /* Preview Assets.xcassets */ = {isa = PBXFileReference; lastKnownFileType = folder.assetcatalog; path = "Preview Assets.xcassets"; sourceTree = "<group>"; };
		0E843689258B23AB00652B48 /* Info.plist */ = {isa = PBXFileReference; lastKnownFileType = text.plist.xml; path = Info.plist; sourceTree = "<group>"; };
		0E843690258B244700652B48 /* FlaskView.swift */ = {isa = PBXFileReference; lastKnownFileType = sourcecode.swift; path = FlaskView.swift; sourceTree = "<group>"; };
		0E843693258B2CFA00652B48 /* Flask.swift */ = {isa = PBXFileReference; lastKnownFileType = sourcecode.swift; path = Flask.swift; sourceTree = "<group>"; };
		0E843696258B2E2500652B48 /* FlaskController.swift */ = {isa = PBXFileReference; lastKnownFileType = sourcecode.swift; path = FlaskController.swift; sourceTree = "<group>"; };
		0E843699258BFBC500652B48 /* FlaskShape.swift */ = {isa = PBXFileReference; lastKnownFileType = sourcecode.swift; path = FlaskShape.swift; sourceTree = "<group>"; };
		0E8B0885286EA3AC00ADB6B7 /* SwiftUI+animate.swift */ = {isa = PBXFileReference; lastKnownFileType = sourcecode.swift; path = "SwiftUI+animate.swift"; sourceTree = "<group>"; };
		0E8B0889286EA60B00ADB6B7 /* VerticalLabelStyle.swift */ = {isa = PBXFileReference; lastKnownFileType = sourcecode.swift; path = VerticalLabelStyle.swift; sourceTree = "<group>"; };
		0EA386BC28A85FC900D03E94 /* Difficulty.swift */ = {isa = PBXFileReference; lastKnownFileType = sourcecode.swift; path = Difficulty.swift; sourceTree = "<group>"; };
		0EB561B4286EB381009412D8 /* FlaskEffect.swift */ = {isa = PBXFileReference; lastKnownFileType = sourcecode.swift; path = FlaskEffect.swift; sourceTree = "<group>"; };
		0EB561B6286EB5BA009412D8 /* PartRectangle.swift */ = {isa = PBXFileReference; lastKnownFileType = sourcecode.swift; path = PartRectangle.swift; sourceTree = "<group>"; };
		0EB561B8286EBB4E009412D8 /* Global.swift */ = {isa = PBXFileReference; lastKnownFileType = sourcecode.swift; path = Global.swift; sourceTree = "<group>"; };
		0EB561BA286ECB46009412D8 /* Waves.swift */ = {isa = PBXFileReference; lastKnownFileType = sourcecode.swift; path = Waves.swift; sourceTree = "<group>"; };
		0ECFC1B92904D3BA00DBB1E2 /* FlaskContainer.swift */ = {isa = PBXFileReference; lastKnownFileType = sourcecode.swift; path = FlaskContainer.swift; sourceTree = "<group>"; };
		0ED527612874145B00B75714 /* NSObject+Swizzle.swift */ = {isa = PBXFileReference; lastKnownFileType = sourcecode.swift; path = "NSObject+Swizzle.swift"; sourceTree = "<group>"; };
		0ED527632874153D00B75714 /* UIViewController+HiddenIndicator.swift */ = {isa = PBXFileReference; lastKnownFileType = sourcecode.swift; path = "UIViewController+HiddenIndicator.swift"; sourceTree = "<group>"; };
		0ED527652874222700B75714 /* Hidden.swift */ = {isa = PBXFileReference; lastKnownFileType = sourcecode.swift; path = Hidden.swift; sourceTree = "<group>"; };
		0EF35816286FCC5D002D7F14 /* Color+Extension.swift */ = {isa = PBXFileReference; lastKnownFileType = sourcecode.swift; path = "Color+Extension.swift"; sourceTree = "<group>"; };
		0EF3581A286FF45B002D7F14 /* ConfettiCannon.swift */ = {isa = PBXFileReference; lastKnownFileType = sourcecode.swift; path = ConfettiCannon.swift; sourceTree = "<group>"; };
		0EF3581C286FF490002D7F14 /* Confetti.swift */ = {isa = PBXFileReference; lastKnownFileType = sourcecode.swift; path = Confetti.swift; sourceTree = "<group>"; };
		0EF3581E286FF574002D7F14 /* CGPoint+Extension.swift */ = {isa = PBXFileReference; lastKnownFileType = sourcecode.swift; path = "CGPoint+Extension.swift"; sourceTree = "<group>"; };
		0EF3582028700B51002D7F14 /* FallingConfettiModifier.swift */ = {isa = PBXFileReference; lastKnownFileType = sourcecode.swift; path = FallingConfettiModifier.swift; sourceTree = "<group>"; };
		0EF3582328701073002D7F14 /* FlaskColor.swift */ = {isa = PBXFileReference; lastKnownFileType = sourcecode.swift; path = FlaskColor.swift; sourceTree = "<group>"; };
/* End PBXFileReference section */

/* Begin PBXFrameworksBuildPhase section */
		0E84367A258B23A700652B48 /* Frameworks */ = {
			isa = PBXFrameworksBuildPhase;
			buildActionMask = 2147483647;
			files = (
				0E22AA142894DF460019CE8E /* FirebaseMessaging in Frameworks */,
				0E22AA122894DF460019CE8E /* FirebaseCrashlytics in Frameworks */,
				0E22AA1A2894EB430019CE8E /* GoogleMobileAds in Frameworks */,
				0E22AA102894DF460019CE8E /* FirebaseAnalyticsSwift in Frameworks */,
				0E22AA0E2894DF460019CE8E /* FirebaseAnalytics in Frameworks */,
			);
			runOnlyForDeploymentPostprocessing = 0;
		};
/* End PBXFrameworksBuildPhase section */

/* Begin PBXGroup section */
		0E57416B289D80DB0043C38B /* ci_scripts */ = {
			isa = PBXGroup;
			children = (
				0E57416C289D810E0043C38B /* ci_pre_xcodebuild.sh */,
			);
			path = ci_scripts;
			sourceTree = "<group>";
		};
		0E843674258B23A700652B48 = {
			isa = PBXGroup;
			children = (
				0E57416B289D80DB0043C38B /* ci_scripts */,
				0E84367F258B23A700652B48 /* FlaskGame */,
				0E84367E258B23A700652B48 /* Products */,
			);
			sourceTree = "<group>";
		};
		0E84367E258B23A700652B48 /* Products */ = {
			isa = PBXGroup;
			children = (
				0E84367D258B23A700652B48 /* FlaskGame.app */,
			);
			name = Products;
			sourceTree = "<group>";
		};
		0E84367F258B23A700652B48 /* FlaskGame */ = {
			isa = PBXGroup;
			children = (
				0E8B0881286EA31F00ADB6B7 /* Resources */,
				0E8B0882286EA34000ADB6B7 /* Views */,
				0E8B0883286EA34900ADB6B7 /* Models */,
				0E8B0884286EA35400ADB6B7 /* Controllers */,
				0E8B0887286EA3B200ADB6B7 /* Helpers */,
				0E843686258B23AB00652B48 /* Preview Content */,
			);
			path = FlaskGame;
			sourceTree = "<group>";
		};
		0E843686258B23AB00652B48 /* Preview Content */ = {
			isa = PBXGroup;
			children = (
				0E843687258B23AB00652B48 /* Preview Assets.xcassets */,
			);
			path = "Preview Content";
			sourceTree = "<group>";
		};
		0E8B0881286EA31F00ADB6B7 /* Resources */ = {
			isa = PBXGroup;
			children = (
				0E22AA2128959D150019CE8E /* GoogleService-Info.plist */,
				0E22AA1D2894F73E0019CE8E /* AdMob-Info.plist */,
				0E843680258B23A700652B48 /* FlaskGameApp.swift */,
				0E843684258B23AB00652B48 /* Assets.xcassets */,
				0E843689258B23AB00652B48 /* Info.plist */,
			);
			path = Resources;
			sourceTree = "<group>";
		};
		0E8B0882286EA34000ADB6B7 /* Views */ = {
			isa = PBXGroup;
			children = (
				0E8B0888286EA3DE00ADB6B7 /* Shapes */,
				0E8B088B286EA60F00ADB6B7 /* Styles */,
				0EF3582228700C5B002D7F14 /* Modifiers */,
				0E843682258B23A700652B48 /* GameView.swift */,
				0E74EF78287165E1008D3FDA /* SettingsView.swift */,
				0E843690258B244700652B48 /* FlaskView.swift */,
			);
			path = Views;
			sourceTree = "<group>";
		};
		0E8B0883286EA34900ADB6B7 /* Models */ = {
			isa = PBXGroup;
			children = (
				0E843693258B2CFA00652B48 /* Flask.swift */,
				0ECFC1B92904D3BA00DBB1E2 /* FlaskContainer.swift */,
				0E22AA23289648990019CE8E /* NormalFlask.swift */,
				0E22AA25289648AE0019CE8E /* TinyFlask.swift */,
				0EF3581C286FF490002D7F14 /* Confetti.swift */,
				0E74EFFA28719082008D3FDA /* TwoWayDictionary.swift */,
				0EF3582328701073002D7F14 /* FlaskColor.swift */,
				0EA386BC28A85FC900D03E94 /* Difficulty.swift */,
			);
			path = Models;
			sourceTree = "<group>";
		};
		0E8B0884286EA35400ADB6B7 /* Controllers */ = {
			isa = PBXGroup;
			children = (
				0E843696258B2E2500652B48 /* FlaskController.swift */,
				0E74EF7A287166D7008D3FDA /* SettingsController.swift */,
				0E22AA1B2894F0B10019CE8E /* AdController.swift */,
				0EF3581A286FF45B002D7F14 /* ConfettiCannon.swift */,
			);
			path = Controllers;
			sourceTree = "<group>";
		};
		0E8B0887286EA3B200ADB6B7 /* Helpers */ = {
			isa = PBXGroup;
			children = (
				0E8B0885286EA3AC00ADB6B7 /* SwiftUI+animate.swift */,
				0E052DB12873CF0600B387F0 /* SwiftUI.View+Extension.swift */,
				0EB561B8286EBB4E009412D8 /* Global.swift */,
				0EF35816286FCC5D002D7F14 /* Color+Extension.swift */,
				0EF3581E286FF574002D7F14 /* CGPoint+Extension.swift */,
				0E052DAD2873C5B500B387F0 /* CGSize+Extension.swift */,
				0E052DAB2873C4E100B387F0 /* CGRect+Extension.swift */,
				0E052DAF2873C83E00B387F0 /* UIWindowScene+Extension.swift */,
				0E74EF7628702F56008D3FDA /* Binding+Extension.swift */,
				0E052DA928739CA500B387F0 /* Error.swift */,
				0ED527652874222700B75714 /* Hidden.swift */,
				0ED527612874145B00B75714 /* NSObject+Swizzle.swift */,
				0ED527632874153D00B75714 /* UIViewController+HiddenIndicator.swift */,
				0E22AA1F28958D270019CE8E /* UIApplication+Extension.swift */,
			);
			path = Helpers;
			sourceTree = "<group>";
		};
		0E8B0888286EA3DE00ADB6B7 /* Shapes */ = {
			isa = PBXGroup;
			children = (
				0E5A0A09286DFCB10080877B /* ConfettiShape.swift */,
				0E843699258BFBC500652B48 /* FlaskShape.swift */,
				0EB561B6286EB5BA009412D8 /* PartRectangle.swift */,
				0EB561BA286ECB46009412D8 /* Waves.swift */,
			);
			path = Shapes;
			sourceTree = "<group>";
		};
		0E8B088B286EA60F00ADB6B7 /* Styles */ = {
			isa = PBXGroup;
			children = (
				0E8B0889286EA60B00ADB6B7 /* VerticalLabelStyle.swift */,
			);
			path = Styles;
			sourceTree = "<group>";
		};
		0EF3582228700C5B002D7F14 /* Modifiers */ = {
			isa = PBXGroup;
			children = (
				0EB561B4286EB381009412D8 /* FlaskEffect.swift */,
				0EF3582028700B51002D7F14 /* FallingConfettiModifier.swift */,
			);
			path = Modifiers;
			sourceTree = "<group>";
		};
/* End PBXGroup section */

/* Begin PBXNativeTarget section */
		0E84367C258B23A700652B48 /* FlaskGame */ = {
			isa = PBXNativeTarget;
			buildConfigurationList = 0E84368C258B23AB00652B48 /* Build configuration list for PBXNativeTarget "FlaskGame" */;
			buildPhases = (
				0E843679258B23A700652B48 /* Sources */,
				0E84367A258B23A700652B48 /* Frameworks */,
				0E84367B258B23A700652B48 /* Resources */,
			);
			buildRules = (
			);
			dependencies = (
			);
			name = FlaskGame;
			packageProductDependencies = (
				0E22AA0D2894DF460019CE8E /* FirebaseAnalytics */,
				0E22AA0F2894DF460019CE8E /* FirebaseAnalyticsSwift */,
				0E22AA112894DF460019CE8E /* FirebaseCrashlytics */,
				0E22AA132894DF460019CE8E /* FirebaseMessaging */,
				0E22AA192894EB430019CE8E /* GoogleMobileAds */,
			);
			productName = FlaskGame;
			productReference = 0E84367D258B23A700652B48 /* FlaskGame.app */;
			productType = "com.apple.product-type.application";
		};
/* End PBXNativeTarget section */

/* Begin PBXProject section */
		0E843675258B23A700652B48 /* Project object */ = {
			isa = PBXProject;
			attributes = {
				LastSwiftUpdateCheck = 1220;
				LastUpgradeCheck = 1220;
				TargetAttributes = {
					0E84367C258B23A700652B48 = {
						CreatedOnToolsVersion = 12.2;
					};
				};
			};
			buildConfigurationList = 0E843678258B23A700652B48 /* Build configuration list for PBXProject "FlaskGame" */;
			compatibilityVersion = "Xcode 9.3";
			developmentRegion = en;
			hasScannedForEncodings = 0;
			knownRegions = (
				en,
				Base,
			);
			mainGroup = 0E843674258B23A700652B48;
			packageReferences = (
				0E22AA0C2894DF460019CE8E /* XCRemoteSwiftPackageReference "firebase-ios-sdk" */,
				0E22AA182894EB420019CE8E /* XCRemoteSwiftPackageReference "swift-package-manager-google-mobile-ads" */,
			);
			productRefGroup = 0E84367E258B23A700652B48 /* Products */;
			projectDirPath = "";
			projectRoot = "";
			targets = (
				0E84367C258B23A700652B48 /* FlaskGame */,
			);
		};
/* End PBXProject section */

/* Begin PBXResourcesBuildPhase section */
		0E84367B258B23A700652B48 /* Resources */ = {
			isa = PBXResourcesBuildPhase;
			buildActionMask = 2147483647;
			files = (
				0E843688258B23AB00652B48 /* Preview Assets.xcassets in Resources */,
				0E22AA2228959D150019CE8E /* GoogleService-Info.plist in Resources */,
				0E843685258B23AB00652B48 /* Assets.xcassets in Resources */,
				0E22AA1E2894F73F0019CE8E /* AdMob-Info.plist in Resources */,
			);
			runOnlyForDeploymentPostprocessing = 0;
		};
/* End PBXResourcesBuildPhase section */

/* Begin PBXSourcesBuildPhase section */
		0E843679258B23A700652B48 /* Sources */ = {
			isa = PBXSourcesBuildPhase;
			buildActionMask = 2147483647;
			files = (
				0E74EF79287165E1008D3FDA /* SettingsView.swift in Sources */,
				0ECFC1BA2904D3BA00DBB1E2 /* FlaskContainer.swift in Sources */,
				0ED527622874145B00B75714 /* NSObject+Swizzle.swift in Sources */,
				0E843697258B2E2500652B48 /* FlaskController.swift in Sources */,
				0E843683258B23A700652B48 /* GameView.swift in Sources */,
				0E052DB02873C83E00B387F0 /* UIWindowScene+Extension.swift in Sources */,
				0E843691258B244700652B48 /* FlaskView.swift in Sources */,
				0E74EFFB28719082008D3FDA /* TwoWayDictionary.swift in Sources */,
				0E5A0A0A286DFCB10080877B /* ConfettiShape.swift in Sources */,
				0EF3582128700B51002D7F14 /* FallingConfettiModifier.swift in Sources */,
				0EF3581F286FF574002D7F14 /* CGPoint+Extension.swift in Sources */,
				0EB561B5286EB381009412D8 /* FlaskEffect.swift in Sources */,
				0EF35817286FCC5D002D7F14 /* Color+Extension.swift in Sources */,
				0ED527642874153D00B75714 /* UIViewController+HiddenIndicator.swift in Sources */,
				0E052DAE2873C5B500B387F0 /* CGSize+Extension.swift in Sources */,
				0EA386BD28A85FC900D03E94 /* Difficulty.swift in Sources */,
				0E843681258B23A700652B48 /* FlaskGameApp.swift in Sources */,
				0E74EF7728702F56008D3FDA /* Binding+Extension.swift in Sources */,
				0E8B0886286EA3AC00ADB6B7 /* SwiftUI+animate.swift in Sources */,
				0E22AA26289648AE0019CE8E /* TinyFlask.swift in Sources */,
				0EF3581B286FF45B002D7F14 /* ConfettiCannon.swift in Sources */,
				0E052DAC2873C4E100B387F0 /* CGRect+Extension.swift in Sources */,
				0E22AA2028958D280019CE8E /* UIApplication+Extension.swift in Sources */,
				0E843694258B2CFA00652B48 /* Flask.swift in Sources */,
				0E8B088A286EA60B00ADB6B7 /* VerticalLabelStyle.swift in Sources */,
				0E22AA24289648990019CE8E /* NormalFlask.swift in Sources */,
				0E052DAA28739CA500B387F0 /* Error.swift in Sources */,
				0E22AA1C2894F0B20019CE8E /* AdController.swift in Sources */,
				0EF3582428701073002D7F14 /* FlaskColor.swift in Sources */,
				0E74EF7B287166D7008D3FDA /* SettingsController.swift in Sources */,
				0ED527662874222700B75714 /* Hidden.swift in Sources */,
				0EB561B7286EB5BA009412D8 /* PartRectangle.swift in Sources */,
				0E84369A258BFBC500652B48 /* FlaskShape.swift in Sources */,
				0EB561B9286EBB4E009412D8 /* Global.swift in Sources */,
				0EB561BB286ECB46009412D8 /* Waves.swift in Sources */,
				0EF3581D286FF490002D7F14 /* Confetti.swift in Sources */,
				0E052DB22873CF0600B387F0 /* SwiftUI.View+Extension.swift in Sources */,
			);
			runOnlyForDeploymentPostprocessing = 0;
		};
/* End PBXSourcesBuildPhase section */

/* Begin XCBuildConfiguration section */
		0E84368A258B23AB00652B48 /* Debug */ = {
			isa = XCBuildConfiguration;
			buildSettings = {
				ALWAYS_SEARCH_USER_PATHS = NO;
				CLANG_ANALYZER_NONNULL = YES;
				CLANG_ANALYZER_NUMBER_OBJECT_CONVERSION = YES_AGGRESSIVE;
				CLANG_CXX_LANGUAGE_STANDARD = "gnu++14";
				CLANG_CXX_LIBRARY = "libc++";
				CLANG_ENABLE_MODULES = YES;
				CLANG_ENABLE_OBJC_ARC = YES;
				CLANG_ENABLE_OBJC_WEAK = YES;
				CLANG_WARN_BLOCK_CAPTURE_AUTORELEASING = YES;
				CLANG_WARN_BOOL_CONVERSION = YES;
				CLANG_WARN_COMMA = YES;
				CLANG_WARN_CONSTANT_CONVERSION = YES;
				CLANG_WARN_DEPRECATED_OBJC_IMPLEMENTATIONS = YES;
				CLANG_WARN_DIRECT_OBJC_ISA_USAGE = YES_ERROR;
				CLANG_WARN_DOCUMENTATION_COMMENTS = YES;
				CLANG_WARN_EMPTY_BODY = YES;
				CLANG_WARN_ENUM_CONVERSION = YES;
				CLANG_WARN_INFINITE_RECURSION = YES;
				CLANG_WARN_INT_CONVERSION = YES;
				CLANG_WARN_NON_LITERAL_NULL_CONVERSION = YES;
				CLANG_WARN_OBJC_IMPLICIT_RETAIN_SELF = YES;
				CLANG_WARN_OBJC_LITERAL_CONVERSION = YES;
				CLANG_WARN_OBJC_ROOT_CLASS = YES_ERROR;
				CLANG_WARN_QUOTED_INCLUDE_IN_FRAMEWORK_HEADER = YES;
				CLANG_WARN_RANGE_LOOP_ANALYSIS = YES;
				CLANG_WARN_STRICT_PROTOTYPES = YES;
				CLANG_WARN_SUSPICIOUS_MOVE = YES;
				CLANG_WARN_UNGUARDED_AVAILABILITY = YES_AGGRESSIVE;
				CLANG_WARN_UNREACHABLE_CODE = YES;
				CLANG_WARN__DUPLICATE_METHOD_MATCH = YES;
				COPY_PHASE_STRIP = NO;
				DEBUG_INFORMATION_FORMAT = dwarf;
				ENABLE_STRICT_OBJC_MSGSEND = YES;
				ENABLE_TESTABILITY = YES;
				GCC_C_LANGUAGE_STANDARD = gnu11;
				GCC_DYNAMIC_NO_PIC = NO;
				GCC_NO_COMMON_BLOCKS = YES;
				GCC_OPTIMIZATION_LEVEL = 0;
				GCC_PREPROCESSOR_DEFINITIONS = (
					"DEBUG=1",
					"$(inherited)",
				);
				GCC_WARN_64_TO_32_BIT_CONVERSION = YES;
				GCC_WARN_ABOUT_RETURN_TYPE = YES_ERROR;
				GCC_WARN_UNDECLARED_SELECTOR = YES;
				GCC_WARN_UNINITIALIZED_AUTOS = YES_AGGRESSIVE;
				GCC_WARN_UNUSED_FUNCTION = YES;
				GCC_WARN_UNUSED_VARIABLE = YES;
				IPHONEOS_DEPLOYMENT_TARGET = 14.2;
				MTL_ENABLE_DEBUG_INFO = INCLUDE_SOURCE;
				MTL_FAST_MATH = YES;
				ONLY_ACTIVE_ARCH = YES;
				SDKROOT = iphoneos;
				SWIFT_ACTIVE_COMPILATION_CONDITIONS = DEBUG;
				SWIFT_OPTIMIZATION_LEVEL = "-Onone";
			};
			name = Debug;
		};
		0E84368B258B23AB00652B48 /* Release */ = {
			isa = XCBuildConfiguration;
			buildSettings = {
				ALWAYS_SEARCH_USER_PATHS = NO;
				CLANG_ANALYZER_NONNULL = YES;
				CLANG_ANALYZER_NUMBER_OBJECT_CONVERSION = YES_AGGRESSIVE;
				CLANG_CXX_LANGUAGE_STANDARD = "gnu++14";
				CLANG_CXX_LIBRARY = "libc++";
				CLANG_ENABLE_MODULES = YES;
				CLANG_ENABLE_OBJC_ARC = YES;
				CLANG_ENABLE_OBJC_WEAK = YES;
				CLANG_WARN_BLOCK_CAPTURE_AUTORELEASING = YES;
				CLANG_WARN_BOOL_CONVERSION = YES;
				CLANG_WARN_COMMA = YES;
				CLANG_WARN_CONSTANT_CONVERSION = YES;
				CLANG_WARN_DEPRECATED_OBJC_IMPLEMENTATIONS = YES;
				CLANG_WARN_DIRECT_OBJC_ISA_USAGE = YES_ERROR;
				CLANG_WARN_DOCUMENTATION_COMMENTS = YES;
				CLANG_WARN_EMPTY_BODY = YES;
				CLANG_WARN_ENUM_CONVERSION = YES;
				CLANG_WARN_INFINITE_RECURSION = YES;
				CLANG_WARN_INT_CONVERSION = YES;
				CLANG_WARN_NON_LITERAL_NULL_CONVERSION = YES;
				CLANG_WARN_OBJC_IMPLICIT_RETAIN_SELF = YES;
				CLANG_WARN_OBJC_LITERAL_CONVERSION = YES;
				CLANG_WARN_OBJC_ROOT_CLASS = YES_ERROR;
				CLANG_WARN_QUOTED_INCLUDE_IN_FRAMEWORK_HEADER = YES;
				CLANG_WARN_RANGE_LOOP_ANALYSIS = YES;
				CLANG_WARN_STRICT_PROTOTYPES = YES;
				CLANG_WARN_SUSPICIOUS_MOVE = YES;
				CLANG_WARN_UNGUARDED_AVAILABILITY = YES_AGGRESSIVE;
				CLANG_WARN_UNREACHABLE_CODE = YES;
				CLANG_WARN__DUPLICATE_METHOD_MATCH = YES;
				COPY_PHASE_STRIP = NO;
				DEBUG_INFORMATION_FORMAT = "dwarf-with-dsym";
				ENABLE_NS_ASSERTIONS = NO;
				ENABLE_STRICT_OBJC_MSGSEND = YES;
				GCC_C_LANGUAGE_STANDARD = gnu11;
				GCC_NO_COMMON_BLOCKS = YES;
				GCC_WARN_64_TO_32_BIT_CONVERSION = YES;
				GCC_WARN_ABOUT_RETURN_TYPE = YES_ERROR;
				GCC_WARN_UNDECLARED_SELECTOR = YES;
				GCC_WARN_UNINITIALIZED_AUTOS = YES_AGGRESSIVE;
				GCC_WARN_UNUSED_FUNCTION = YES;
				GCC_WARN_UNUSED_VARIABLE = YES;
				IPHONEOS_DEPLOYMENT_TARGET = 14.2;
				MTL_ENABLE_DEBUG_INFO = NO;
				MTL_FAST_MATH = YES;
				SDKROOT = iphoneos;
				SWIFT_COMPILATION_MODE = wholemodule;
				SWIFT_OPTIMIZATION_LEVEL = "-O";
				VALIDATE_PRODUCT = YES;
			};
			name = Release;
		};
		0E84368D258B23AB00652B48 /* Debug */ = {
			isa = XCBuildConfiguration;
			buildSettings = {
				ASSETCATALOG_COMPILER_APPICON_NAME = AppIcon;
				ASSETCATALOG_COMPILER_GLOBAL_ACCENT_COLOR_NAME = AccentColor;
				CODE_SIGN_IDENTITY = "Apple Development";
				CODE_SIGN_STYLE = Automatic;
				DEVELOPMENT_ASSET_PATHS = "\"FlaskGame/Preview Content\"";
				DEVELOPMENT_TEAM = HFR8F4BT7E;
				ENABLE_PREVIEWS = YES;
				INFOPLIST_FILE = FlaskGame/Resources/Info.plist;
				IPHONEOS_DEPLOYMENT_TARGET = 15.0;
				LD_RUNPATH_SEARCH_PATHS = (
					"$(inherited)",
					"@executable_path/Frameworks",
				);
				MARKETING_VERSION = 1.1.1;
				PRODUCT_BUNDLE_IDENTIFIER = com.mazjap.FlaskGame;
				PRODUCT_NAME = "$(TARGET_NAME)";
				PROVISIONING_PROFILE_SPECIFIER = "";
				SWIFT_VERSION = 5.0;
				TARGETED_DEVICE_FAMILY = "1,2";
			};
			name = Debug;
		};
		0E84368E258B23AB00652B48 /* Release */ = {
			isa = XCBuildConfiguration;
			buildSettings = {
				ASSETCATALOG_COMPILER_APPICON_NAME = AppIcon;
				ASSETCATALOG_COMPILER_GLOBAL_ACCENT_COLOR_NAME = AccentColor;
				CODE_SIGN_IDENTITY = "Apple Development";
				CODE_SIGN_STYLE = Automatic;
				DEVELOPMENT_ASSET_PATHS = "\"FlaskGame/Preview Content\"";
				DEVELOPMENT_TEAM = HFR8F4BT7E;
				ENABLE_PREVIEWS = YES;
				INFOPLIST_FILE = FlaskGame/Resources/Info.plist;
				IPHONEOS_DEPLOYMENT_TARGET = 15.0;
				LD_RUNPATH_SEARCH_PATHS = (
					"$(inherited)",
					"@executable_path/Frameworks",
				);
				MARKETING_VERSION = 1.1.1;
				PRODUCT_BUNDLE_IDENTIFIER = com.mazjap.FlaskGame;
				PRODUCT_NAME = "$(TARGET_NAME)";
				PROVISIONING_PROFILE_SPECIFIER = "";
				SWIFT_VERSION = 5.0;
				TARGETED_DEVICE_FAMILY = "1,2";
			};
			name = Release;
		};
/* End XCBuildConfiguration section */

/* Begin XCConfigurationList section */
		0E843678258B23A700652B48 /* Build configuration list for PBXProject "FlaskGame" */ = {
			isa = XCConfigurationList;
			buildConfigurations = (
				0E84368A258B23AB00652B48 /* Debug */,
				0E84368B258B23AB00652B48 /* Release */,
			);
			defaultConfigurationIsVisible = 0;
			defaultConfigurationName = Release;
		};
		0E84368C258B23AB00652B48 /* Build configuration list for PBXNativeTarget "FlaskGame" */ = {
			isa = XCConfigurationList;
			buildConfigurations = (
				0E84368D258B23AB00652B48 /* Debug */,
				0E84368E258B23AB00652B48 /* Release */,
			);
			defaultConfigurationIsVisible = 0;
			defaultConfigurationName = Release;
		};
/* End XCConfigurationList section */

/* Begin XCRemoteSwiftPackageReference section */
		0E22AA0C2894DF460019CE8E /* XCRemoteSwiftPackageReference "firebase-ios-sdk" */ = {
			isa = XCRemoteSwiftPackageReference;
			repositoryURL = "https://github.com/firebase/firebase-ios-sdk";
			requirement = {
				kind = upToNextMajorVersion;
				minimumVersion = 9.0.0;
			};
		};
		0E22AA182894EB420019CE8E /* XCRemoteSwiftPackageReference "swift-package-manager-google-mobile-ads" */ = {
			isa = XCRemoteSwiftPackageReference;
			repositoryURL = "https://github.com/googleads/swift-package-manager-google-mobile-ads.git";
			requirement = {
				kind = upToNextMajorVersion;
				minimumVersion = 9.0.0;
			};
		};
/* End XCRemoteSwiftPackageReference section */

/* Begin XCSwiftPackageProductDependency section */
		0E22AA0D2894DF460019CE8E /* FirebaseAnalytics */ = {
			isa = XCSwiftPackageProductDependency;
			package = 0E22AA0C2894DF460019CE8E /* XCRemoteSwiftPackageReference "firebase-ios-sdk" */;
			productName = FirebaseAnalytics;
		};
		0E22AA0F2894DF460019CE8E /* FirebaseAnalyticsSwift */ = {
			isa = XCSwiftPackageProductDependency;
			package = 0E22AA0C2894DF460019CE8E /* XCRemoteSwiftPackageReference "firebase-ios-sdk" */;
			productName = FirebaseAnalyticsSwift;
		};
		0E22AA112894DF460019CE8E /* FirebaseCrashlytics */ = {
			isa = XCSwiftPackageProductDependency;
			package = 0E22AA0C2894DF460019CE8E /* XCRemoteSwiftPackageReference "firebase-ios-sdk" */;
			productName = FirebaseCrashlytics;
		};
		0E22AA132894DF460019CE8E /* FirebaseMessaging */ = {
			isa = XCSwiftPackageProductDependency;
			package = 0E22AA0C2894DF460019CE8E /* XCRemoteSwiftPackageReference "firebase-ios-sdk" */;
			productName = FirebaseMessaging;
		};
		0E22AA192894EB430019CE8E /* GoogleMobileAds */ = {
			isa = XCSwiftPackageProductDependency;
			package = 0E22AA182894EB420019CE8E /* XCRemoteSwiftPackageReference "swift-package-manager-google-mobile-ads" */;
			productName = GoogleMobileAds;
		};
/* End XCSwiftPackageProductDependency section */
	};
	rootObject = 0E843675258B23A700652B48 /* Project object */;
}
